// !$*UTF8*$!
{
	archiveVersion = 1;
	classes = {
	};
	objectVersion = 55;
	objects = {

/* Begin PBXBuildFile section */
		783FD0FE275DFFE6000DF59E /* Contacts.framework in Frameworks */ = {isa = PBXBuildFile; fileRef = 783FD0FD275DFFE6000DF59E /* Contacts.framework */; };
		78417055275B049E00B85914 /* AppDelegate.m in Sources */ = {isa = PBXBuildFile; fileRef = 78417054275B049E00B85914 /* AppDelegate.m */; };
		78417058275B049E00B85914 /* SceneDelegate.m in Sources */ = {isa = PBXBuildFile; fileRef = 78417057275B049E00B85914 /* SceneDelegate.m */; };
		7841705B275B049E00B85914 /* ViewController.m in Sources */ = {isa = PBXBuildFile; fileRef = 7841705A275B049E00B85914 /* ViewController.m */; };
		7841705E275B049E00B85914 /* Main.storyboard in Resources */ = {isa = PBXBuildFile; fileRef = 7841705C275B049E00B85914 /* Main.storyboard */; };
		78417060275B04A000B85914 /* Assets.xcassets in Resources */ = {isa = PBXBuildFile; fileRef = 7841705F275B04A000B85914 /* Assets.xcassets */; };
		78417063275B04A000B85914 /* LaunchScreen.storyboard in Resources */ = {isa = PBXBuildFile; fileRef = 78417061275B04A000B85914 /* LaunchScreen.storyboard */; };
		78417066275B04A000B85914 /* main.m in Sources */ = {isa = PBXBuildFile; fileRef = 78417065275B04A000B85914 /* main.m */; };
		78417070275B04A100B85914 /* test1Tests.m in Sources */ = {isa = PBXBuildFile; fileRef = 7841706F275B04A100B85914 /* test1Tests.m */; };
		7841707A275B04A100B85914 /* test1UITests.m in Sources */ = {isa = PBXBuildFile; fileRef = 78417079275B04A100B85914 /* test1UITests.m */; };
		7841707C275B04A100B85914 /* test1UITestsLaunchTests.m in Sources */ = {isa = PBXBuildFile; fileRef = 7841707B275B04A100B85914 /* test1UITestsLaunchTests.m */; };
		7841708C275B057900B85914 /* MyContact.m in Sources */ = {isa = PBXBuildFile; fileRef = 7841708B275B057900B85914 /* MyContact.m */; };
		7841708F275B05F200B85914 /* pinyin.c in Sources */ = {isa = PBXBuildFile; fileRef = 7841708E275B05F200B85914 /* pinyin.c */; };
		784A3AF1275B452D0044FE09 /* MainViewController.m in Sources */ = {isa = PBXBuildFile; fileRef = 784A3AF0275B452D0044FE09 /* MainViewController.m */; };
		78B7E551275CF08100B5E5B0 /* ContactCell.m in Sources */ = {isa = PBXBuildFile; fileRef = 78B7E54F275CF08100B5E5B0 /* ContactCell.m */; };
		78B7E552275CF08100B5E5B0 /* ContactCell.xib in Resources */ = {isa = PBXBuildFile; fileRef = 78B7E550275CF08100B5E5B0 /* ContactCell.xib */; };
/* End PBXBuildFile section */

/* Begin PBXContainerItemProxy section */
		7841706C275B04A100B85914 /* PBXContainerItemProxy */ = {
			isa = PBXContainerItemProxy;
			containerPortal = 78417048275B049D00B85914 /* Project object */;
			proxyType = 1;
			remoteGlobalIDString = 7841704F275B049E00B85914;
			remoteInfo = test1;
		};
		78417076275B04A100B85914 /* PBXContainerItemProxy */ = {
			isa = PBXContainerItemProxy;
			containerPortal = 78417048275B049D00B85914 /* Project object */;
			proxyType = 1;
			remoteGlobalIDString = 7841704F275B049E00B85914;
			remoteInfo = test1;
		};
/* End PBXContainerItemProxy section */

/* Begin PBXFileReference section */
		783FD0FD275DFFE6000DF59E /* Contacts.framework */ = {isa = PBXFileReference; lastKnownFileType = wrapper.framework; name = Contacts.framework; path = System/Library/Frameworks/Contacts.framework; sourceTree = SDKROOT; };
		78417050275B049E00B85914 /* ContactListDemo.app */ = {isa = PBXFileReference; explicitFileType = wrapper.application; includeInIndex = 0; path = ContactListDemo.app; sourceTree = BUILT_PRODUCTS_DIR; };
		78417053275B049E00B85914 /* AppDelegate.h */ = {isa = PBXFileReference; lastKnownFileType = sourcecode.c.h; path = AppDelegate.h; sourceTree = "<group>"; };
		78417054275B049E00B85914 /* AppDelegate.m */ = {isa = PBXFileReference; lastKnownFileType = sourcecode.c.objc; path = AppDelegate.m; sourceTree = "<group>"; };
		78417056275B049E00B85914 /* SceneDelegate.h */ = {isa = PBXFileReference; lastKnownFileType = sourcecode.c.h; path = SceneDelegate.h; sourceTree = "<group>"; };
		78417057275B049E00B85914 /* SceneDelegate.m */ = {isa = PBXFileReference; lastKnownFileType = sourcecode.c.objc; path = SceneDelegate.m; sourceTree = "<group>"; };
		78417059275B049E00B85914 /* ViewController.h */ = {isa = PBXFileReference; lastKnownFileType = sourcecode.c.h; path = ViewController.h; sourceTree = "<group>"; };
		7841705A275B049E00B85914 /* ViewController.m */ = {isa = PBXFileReference; lastKnownFileType = sourcecode.c.objc; path = ViewController.m; sourceTree = "<group>"; };
		7841705D275B049E00B85914 /* Base */ = {isa = PBXFileReference; lastKnownFileType = file.storyboard; name = Base; path = Base.lproj/Main.storyboard; sourceTree = "<group>"; };
		7841705F275B04A000B85914 /* Assets.xcassets */ = {isa = PBXFileReference; lastKnownFileType = folder.assetcatalog; path = Assets.xcassets; sourceTree = "<group>"; };
		78417062275B04A000B85914 /* Base */ = {isa = PBXFileReference; lastKnownFileType = file.storyboard; name = Base; path = Base.lproj/LaunchScreen.storyboard; sourceTree = "<group>"; };
		78417064275B04A000B85914 /* Info.plist */ = {isa = PBXFileReference; lastKnownFileType = text.plist.xml; path = Info.plist; sourceTree = "<group>"; };
		78417065275B04A000B85914 /* main.m */ = {isa = PBXFileReference; lastKnownFileType = sourcecode.c.objc; path = main.m; sourceTree = "<group>"; };
		7841706B275B04A100B85914 /* ContactListDemoTests.xctest */ = {isa = PBXFileReference; explicitFileType = wrapper.cfbundle; includeInIndex = 0; path = ContactListDemoTests.xctest; sourceTree = BUILT_PRODUCTS_DIR; };
		7841706F275B04A100B85914 /* test1Tests.m */ = {isa = PBXFileReference; lastKnownFileType = sourcecode.c.objc; path = test1Tests.m; sourceTree = "<group>"; };
		78417075275B04A100B85914 /* ContactListDemoUITests.xctest */ = {isa = PBXFileReference; explicitFileType = wrapper.cfbundle; includeInIndex = 0; path = ContactListDemoUITests.xctest; sourceTree = BUILT_PRODUCTS_DIR; };
		78417079275B04A100B85914 /* test1UITests.m */ = {isa = PBXFileReference; lastKnownFileType = sourcecode.c.objc; path = test1UITests.m; sourceTree = "<group>"; };
		7841707B275B04A100B85914 /* test1UITestsLaunchTests.m */ = {isa = PBXFileReference; lastKnownFileType = sourcecode.c.objc; path = test1UITestsLaunchTests.m; sourceTree = "<group>"; };
		7841708A275B057900B85914 /* MyContact.h */ = {isa = PBXFileReference; lastKnownFileType = sourcecode.c.h; path = MyContact.h; sourceTree = "<group>"; };
		7841708B275B057900B85914 /* MyContact.m */ = {isa = PBXFileReference; lastKnownFileType = sourcecode.c.objc; path = MyContact.m; sourceTree = "<group>"; };
		7841708D275B05F200B85914 /* pinyin.h */ = {isa = PBXFileReference; lastKnownFileType = sourcecode.c.h; path = pinyin.h; sourceTree = "<group>"; };
		7841708E275B05F200B85914 /* pinyin.c */ = {isa = PBXFileReference; lastKnownFileType = sourcecode.c.c; path = pinyin.c; sourceTree = "<group>"; };
		784A3AEF275B452D0044FE09 /* MainViewController.h */ = {isa = PBXFileReference; lastKnownFileType = sourcecode.c.h; path = MainViewController.h; sourceTree = "<group>"; };
		784A3AF0275B452D0044FE09 /* MainViewController.m */ = {isa = PBXFileReference; lastKnownFileType = sourcecode.c.objc; path = MainViewController.m; sourceTree = "<group>"; };
		78B7E54E275CF08100B5E5B0 /* ContactCell.h */ = {isa = PBXFileReference; lastKnownFileType = sourcecode.c.h; path = ContactCell.h; sourceTree = "<group>"; };
		78B7E54F275CF08100B5E5B0 /* ContactCell.m */ = {isa = PBXFileReference; lastKnownFileType = sourcecode.c.objc; path = ContactCell.m; sourceTree = "<group>"; };
		78B7E550275CF08100B5E5B0 /* ContactCell.xib */ = {isa = PBXFileReference; lastKnownFileType = file.xib; path = ContactCell.xib; sourceTree = "<group>"; };
/* End PBXFileReference section */

/* Begin PBXFrameworksBuildPhase section */
		7841704D275B049E00B85914 /* Frameworks */ = {
			isa = PBXFrameworksBuildPhase;
			buildActionMask = 2147483647;
			files = (
				783FD0FE275DFFE6000DF59E /* Contacts.framework in Frameworks */,
			);
			runOnlyForDeploymentPostprocessing = 0;
		};
		78417068275B04A100B85914 /* Frameworks */ = {
			isa = PBXFrameworksBuildPhase;
			buildActionMask = 2147483647;
			files = (
			);
			runOnlyForDeploymentPostprocessing = 0;
		};
		78417072275B04A100B85914 /* Frameworks */ = {
			isa = PBXFrameworksBuildPhase;
			buildActionMask = 2147483647;
			files = (
			);
			runOnlyForDeploymentPostprocessing = 0;
		};
/* End PBXFrameworksBuildPhase section */

/* Begin PBXGroup section */
		783FD0FC275DFFE6000DF59E /* Frameworks */ = {
			isa = PBXGroup;
			children = (
				783FD0FD275DFFE6000DF59E /* Contacts.framework */,
			);
			name = Frameworks;
			sourceTree = "<group>";
		};
		78417047275B049D00B85914 = {
			isa = PBXGroup;
			children = (
				78417052275B049E00B85914 /* test1 */,
				7841706E275B04A100B85914 /* test1Tests */,
				78417078275B04A100B85914 /* test1UITests */,
				78417051275B049E00B85914 /* Products */,
				783FD0FC275DFFE6000DF59E /* Frameworks */,
			);
			sourceTree = "<group>";
		};
		78417051275B049E00B85914 /* Products */ = {
			isa = PBXGroup;
			children = (
				78417050275B049E00B85914 /* ContactListDemo.app */,
				7841706B275B04A100B85914 /* ContactListDemoTests.xctest */,
				78417075275B04A100B85914 /* ContactListDemoUITests.xctest */,
			);
			name = Products;
			sourceTree = "<group>";
		};
		78417052275B049E00B85914 /* test1 */ = {
			isa = PBXGroup;
			children = (
				7841708A275B057900B85914 /* MyContact.h */,
				7841708B275B057900B85914 /* MyContact.m */,
				7841708D275B05F200B85914 /* pinyin.h */,
				7841708E275B05F200B85914 /* pinyin.c */,
				78417053275B049E00B85914 /* AppDelegate.h */,
				78417054275B049E00B85914 /* AppDelegate.m */,
				78417056275B049E00B85914 /* SceneDelegate.h */,
				78417057275B049E00B85914 /* SceneDelegate.m */,
				78417059275B049E00B85914 /* ViewController.h */,
				7841705A275B049E00B85914 /* ViewController.m */,
				7841705C275B049E00B85914 /* Main.storyboard */,
				7841705F275B04A000B85914 /* Assets.xcassets */,
				78417061275B04A000B85914 /* LaunchScreen.storyboard */,
				78417064275B04A000B85914 /* Info.plist */,
				78417065275B04A000B85914 /* main.m */,
				784A3AEF275B452D0044FE09 /* MainViewController.h */,
				784A3AF0275B452D0044FE09 /* MainViewController.m */,
				78B7E54E275CF08100B5E5B0 /* ContactCell.h */,
				78B7E54F275CF08100B5E5B0 /* ContactCell.m */,
				78B7E550275CF08100B5E5B0 /* ContactCell.xib */,
			);
			path = test1;
			sourceTree = "<group>";
		};
		7841706E275B04A100B85914 /* test1Tests */ = {
			isa = PBXGroup;
			children = (
				7841706F275B04A100B85914 /* test1Tests.m */,
			);
			path = test1Tests;
			sourceTree = "<group>";
		};
		78417078275B04A100B85914 /* test1UITests */ = {
			isa = PBXGroup;
			children = (
				78417079275B04A100B85914 /* test1UITests.m */,
				7841707B275B04A100B85914 /* test1UITestsLaunchTests.m */,
			);
			path = test1UITests;
			sourceTree = "<group>";
		};
/* End PBXGroup section */

/* Begin PBXNativeTarget section */
		7841704F275B049E00B85914 /* ContactListDemo */ = {
			isa = PBXNativeTarget;
			buildConfigurationList = 7841707F275B04A100B85914 /* Build configuration list for PBXNativeTarget "ContactListDemo" */;
			buildPhases = (
				7841704C275B049E00B85914 /* Sources */,
				7841704D275B049E00B85914 /* Frameworks */,
				7841704E275B049E00B85914 /* Resources */,
			);
			buildRules = (
			);
			dependencies = (
			);
			name = ContactListDemo;
			productName = test1;
			productReference = 78417050275B049E00B85914 /* ContactListDemo.app */;
			productType = "com.apple.product-type.application";
		};
		7841706A275B04A100B85914 /* ContactListDemoTests */ = {
			isa = PBXNativeTarget;
			buildConfigurationList = 78417082275B04A100B85914 /* Build configuration list for PBXNativeTarget "ContactListDemoTests" */;
			buildPhases = (
				78417067275B04A100B85914 /* Sources */,
				78417068275B04A100B85914 /* Frameworks */,
				78417069275B04A100B85914 /* Resources */,
			);
			buildRules = (
			);
			dependencies = (
				7841706D275B04A100B85914 /* PBXTargetDependency */,
			);
			name = ContactListDemoTests;
			productName = test1Tests;
			productReference = 7841706B275B04A100B85914 /* ContactListDemoTests.xctest */;
			productType = "com.apple.product-type.bundle.unit-test";
		};
		78417074275B04A100B85914 /* ContactListDemoUITests */ = {
			isa = PBXNativeTarget;
			buildConfigurationList = 78417085275B04A100B85914 /* Build configuration list for PBXNativeTarget "ContactListDemoUITests" */;
			buildPhases = (
				78417071275B04A100B85914 /* Sources */,
				78417072275B04A100B85914 /* Frameworks */,
				78417073275B04A100B85914 /* Resources */,
			);
			buildRules = (
			);
			dependencies = (
				78417077275B04A100B85914 /* PBXTargetDependency */,
			);
			name = ContactListDemoUITests;
			productName = test1UITests;
			productReference = 78417075275B04A100B85914 /* ContactListDemoUITests.xctest */;
			productType = "com.apple.product-type.bundle.ui-testing";
		};
/* End PBXNativeTarget section */

/* Begin PBXProject section */
		78417048275B049D00B85914 /* Project object */ = {
			isa = PBXProject;
			attributes = {
				BuildIndependentTargetsInParallel = 1;
				LastUpgradeCheck = 1310;
				TargetAttributes = {
					7841704F275B049E00B85914 = {
						CreatedOnToolsVersion = 13.1;
					};
					7841706A275B04A100B85914 = {
						CreatedOnToolsVersion = 13.1;
						TestTargetID = 7841704F275B049E00B85914;
					};
					78417074275B04A100B85914 = {
						CreatedOnToolsVersion = 13.1;
						TestTargetID = 7841704F275B049E00B85914;
					};
				};
			};
			buildConfigurationList = 7841704B275B049D00B85914 /* Build configuration list for PBXProject "ContactListDemo" */;
			compatibilityVersion = "Xcode 13.0";
			developmentRegion = en;
			hasScannedForEncodings = 0;
			knownRegions = (
				en,
				Base,
			);
			mainGroup = 78417047275B049D00B85914;
			productRefGroup = 78417051275B049E00B85914 /* Products */;
			projectDirPath = "";
			projectRoot = "";
			targets = (
				7841704F275B049E00B85914 /* ContactListDemo */,
				7841706A275B04A100B85914 /* ContactListDemoTests */,
				78417074275B04A100B85914 /* ContactListDemoUITests */,
			);
		};
/* End PBXProject section */

/* Begin PBXResourcesBuildPhase section */
		7841704E275B049E00B85914 /* Resources */ = {
			isa = PBXResourcesBuildPhase;
			buildActionMask = 2147483647;
			files = (
				78B7E552275CF08100B5E5B0 /* ContactCell.xib in Resources */,
				78417063275B04A000B85914 /* LaunchScreen.storyboard in Resources */,
				78417060275B04A000B85914 /* Assets.xcassets in Resources */,
				7841705E275B049E00B85914 /* Main.storyboard in Resources */,
			);
			runOnlyForDeploymentPostprocessing = 0;
		};
		78417069275B04A100B85914 /* Resources */ = {
			isa = PBXResourcesBuildPhase;
			buildActionMask = 2147483647;
			files = (
			);
			runOnlyForDeploymentPostprocessing = 0;
		};
		78417073275B04A100B85914 /* Resources */ = {
			isa = PBXResourcesBuildPhase;
			buildActionMask = 2147483647;
			files = (
			);
			runOnlyForDeploymentPostprocessing = 0;
		};
/* End PBXResourcesBuildPhase section */

/* Begin PBXSourcesBuildPhase section */
		7841704C275B049E00B85914 /* Sources */ = {
			isa = PBXSourcesBuildPhase;
			buildActionMask = 2147483647;
			files = (
				7841708F275B05F200B85914 /* pinyin.c in Sources */,
				7841705B275B049E00B85914 /* ViewController.m in Sources */,
				7841708C275B057900B85914 /* MyContact.m in Sources */,
				78417055275B049E00B85914 /* AppDelegate.m in Sources */,
				78B7E551275CF08100B5E5B0 /* ContactCell.m in Sources */,
				784A3AF1275B452D0044FE09 /* MainViewController.m in Sources */,
				78417066275B04A000B85914 /* main.m in Sources */,
				78417058275B049E00B85914 /* SceneDelegate.m in Sources */,
			);
			runOnlyForDeploymentPostprocessing = 0;
		};
		78417067275B04A100B85914 /* Sources */ = {
			isa = PBXSourcesBuildPhase;
			buildActionMask = 2147483647;
			files = (
				78417070275B04A100B85914 /* test1Tests.m in Sources */,
			);
			runOnlyForDeploymentPostprocessing = 0;
		};
		78417071275B04A100B85914 /* Sources */ = {
			isa = PBXSourcesBuildPhase;
			buildActionMask = 2147483647;
			files = (
				7841707C275B04A100B85914 /* test1UITestsLaunchTests.m in Sources */,
				7841707A275B04A100B85914 /* test1UITests.m in Sources */,
			);
			runOnlyForDeploymentPostprocessing = 0;
		};
/* End PBXSourcesBuildPhase section */

/* Begin PBXTargetDependency section */
		7841706D275B04A100B85914 /* PBXTargetDependency */ = {
			isa = PBXTargetDependency;
			target = 7841704F275B049E00B85914 /* ContactListDemo */;
			targetProxy = 7841706C275B04A100B85914 /* PBXContainerItemProxy */;
		};
		78417077275B04A100B85914 /* PBXTargetDependency */ = {
			isa = PBXTargetDependency;
			target = 7841704F275B049E00B85914 /* ContactListDemo */;
			targetProxy = 78417076275B04A100B85914 /* PBXContainerItemProxy */;
		};
/* End PBXTargetDependency section */

/* Begin PBXVariantGroup section */
		7841705C275B049E00B85914 /* Main.storyboard */ = {
			isa = PBXVariantGroup;
			children = (
				7841705D275B049E00B85914 /* Base */,
			);
			name = Main.storyboard;
			sourceTree = "<group>";
		};
		78417061275B04A000B85914 /* LaunchScreen.storyboard */ = {
			isa = PBXVariantGroup;
			children = (
				78417062275B04A000B85914 /* Base */,
			);
			name = LaunchScreen.storyboard;
			sourceTree = "<group>";
		};
/* End PBXVariantGroup section */

/* Begin XCBuildConfiguration section */
		7841707D275B04A100B85914 /* Debug */ = {
			isa = XCBuildConfiguration;
			buildSettings = {
				ALWAYS_SEARCH_USER_PATHS = NO;
				CLANG_ANALYZER_NONNULL = YES;
				CLANG_ANALYZER_NUMBER_OBJECT_CONVERSION = YES_AGGRESSIVE;
				CLANG_CXX_LANGUAGE_STANDARD = "gnu++17";
				CLANG_CXX_LIBRARY = "libc++";
				CLANG_ENABLE_MODULES = YES;
				CLANG_ENABLE_OBJC_ARC = YES;
				CLANG_ENABLE_OBJC_WEAK = YES;
				CLANG_WARN_BLOCK_CAPTURE_AUTORELEASING = YES;
				CLANG_WARN_BOOL_CONVERSION = YES;
				CLANG_WARN_COMMA = YES;
				CLANG_WARN_CONSTANT_CONVERSION = YES;
				CLANG_WARN_DEPRECATED_OBJC_IMPLEMENTATIONS = YES;
				CLANG_WARN_DIRECT_OBJC_ISA_USAGE = YES_ERROR;
				CLANG_WARN_DOCUMENTATION_COMMENTS = YES;
				CLANG_WARN_EMPTY_BODY = YES;
				CLANG_WARN_ENUM_CONVERSION = YES;
				CLANG_WARN_INFINITE_RECURSION = YES;
				CLANG_WARN_INT_CONVERSION = YES;
				CLANG_WARN_NON_LITERAL_NULL_CONVERSION = YES;
				CLANG_WARN_OBJC_IMPLICIT_RETAIN_SELF = YES;
				CLANG_WARN_OBJC_LITERAL_CONVERSION = YES;
				CLANG_WARN_OBJC_ROOT_CLASS = YES_ERROR;
				CLANG_WARN_QUOTED_INCLUDE_IN_FRAMEWORK_HEADER = YES;
				CLANG_WARN_RANGE_LOOP_ANALYSIS = YES;
				CLANG_WARN_STRICT_PROTOTYPES = YES;
				CLANG_WARN_SUSPICIOUS_MOVE = YES;
				CLANG_WARN_UNGUARDED_AVAILABILITY = YES_AGGRESSIVE;
				CLANG_WARN_UNREACHABLE_CODE = YES;
				CLANG_WARN__DUPLICATE_METHOD_MATCH = YES;
				COPY_PHASE_STRIP = NO;
				DEBUG_INFORMATION_FORMAT = dwarf;
				ENABLE_STRICT_OBJC_MSGSEND = YES;
				ENABLE_TESTABILITY = YES;
				GCC_C_LANGUAGE_STANDARD = gnu11;
				GCC_DYNAMIC_NO_PIC = NO;
				GCC_NO_COMMON_BLOCKS = YES;
				GCC_OPTIMIZATION_LEVEL = 0;
				GCC_PREPROCESSOR_DEFINITIONS = (
					"DEBUG=1",
					"$(inherited)",
				);
				GCC_WARN_64_TO_32_BIT_CONVERSION = YES;
				GCC_WARN_ABOUT_RETURN_TYPE = YES_ERROR;
				GCC_WARN_UNDECLARED_SELECTOR = YES;
				GCC_WARN_UNINITIALIZED_AUTOS = YES_AGGRESSIVE;
				GCC_WARN_UNUSED_FUNCTION = YES;
				GCC_WARN_UNUSED_VARIABLE = YES;
				IPHONEOS_DEPLOYMENT_TARGET = 13.0;
				MTL_ENABLE_DEBUG_INFO = INCLUDE_SOURCE;
				MTL_FAST_MATH = YES;
				ONLY_ACTIVE_ARCH = YES;
				SDKROOT = iphoneos;
			};
			name = Debug;
		};
		7841707E275B04A100B85914 /* Release */ = {
			isa = XCBuildConfiguration;
			buildSettings = {
				ALWAYS_SEARCH_USER_PATHS = NO;
				CLANG_ANALYZER_NONNULL = YES;
				CLANG_ANALYZER_NUMBER_OBJECT_CONVERSION = YES_AGGRESSIVE;
				CLANG_CXX_LANGUAGE_STANDARD = "gnu++17";
				CLANG_CXX_LIBRARY = "libc++";
				CLANG_ENABLE_MODULES = YES;
				CLANG_ENABLE_OBJC_ARC = YES;
				CLANG_ENABLE_OBJC_WEAK = YES;
				CLANG_WARN_BLOCK_CAPTURE_AUTORELEASING = YES;
				CLANG_WARN_BOOL_CONVERSION = YES;
				CLANG_WARN_COMMA = YES;
				CLANG_WARN_CONSTANT_CONVERSION = YES;
				CLANG_WARN_DEPRECATED_OBJC_IMPLEMENTATIONS = YES;
				CLANG_WARN_DIRECT_OBJC_ISA_USAGE = YES_ERROR;
				CLANG_WARN_DOCUMENTATION_COMMENTS = YES;
				CLANG_WARN_EMPTY_BODY = YES;
				CLANG_WARN_ENUM_CONVERSION = YES;
				CLANG_WARN_INFINITE_RECURSION = YES;
				CLANG_WARN_INT_CONVERSION = YES;
				CLANG_WARN_NON_LITERAL_NULL_CONVERSION = YES;
				CLANG_WARN_OBJC_IMPLICIT_RETAIN_SELF = YES;
				CLANG_WARN_OBJC_LITERAL_CONVERSION = YES;
				CLANG_WARN_OBJC_ROOT_CLASS = YES_ERROR;
				CLANG_WARN_QUOTED_INCLUDE_IN_FRAMEWORK_HEADER = YES;
				CLANG_WARN_RANGE_LOOP_ANALYSIS = YES;
				CLANG_WARN_STRICT_PROTOTYPES = YES;
				CLANG_WARN_SUSPICIOUS_MOVE = YES;
				CLANG_WARN_UNGUARDED_AVAILABILITY = YES_AGGRESSIVE;
				CLANG_WARN_UNREACHABLE_CODE = YES;
				CLANG_WARN__DUPLICATE_METHOD_MATCH = YES;
				COPY_PHASE_STRIP = NO;
				DEBUG_INFORMATION_FORMAT = "dwarf-with-dsym";
				ENABLE_NS_ASSERTIONS = NO;
				ENABLE_STRICT_OBJC_MSGSEND = YES;
				GCC_C_LANGUAGE_STANDARD = gnu11;
				GCC_NO_COMMON_BLOCKS = YES;
				GCC_WARN_64_TO_32_BIT_CONVERSION = YES;
				GCC_WARN_ABOUT_RETURN_TYPE = YES_ERROR;
				GCC_WARN_UNDECLARED_SELECTOR = YES;
				GCC_WARN_UNINITIALIZED_AUTOS = YES_AGGRESSIVE;
				GCC_WARN_UNUSED_FUNCTION = YES;
				GCC_WARN_UNUSED_VARIABLE = YES;
				IPHONEOS_DEPLOYMENT_TARGET = 13.0;
				MTL_ENABLE_DEBUG_INFO = NO;
				MTL_FAST_MATH = YES;
				SDKROOT = iphoneos;
				VALIDATE_PRODUCT = YES;
			};
			name = Release;
		};
		78417080275B04A100B85914 /* Debug */ = {
			isa = XCBuildConfiguration;
			buildSettings = {
				ASSETCATALOG_COMPILER_APPICON_NAME = AppIcon;
				ASSETCATALOG_COMPILER_GLOBAL_ACCENT_COLOR_NAME = AccentColor;
				CODE_SIGN_IDENTITY = "Apple Development: dongliang zhou (F5D366UY9P)";
				CODE_SIGN_STYLE = Manual;
				CURRENT_PROJECT_VERSION = 1;
				DEVELOPMENT_TEAM = "";
				GENERATE_INFOPLIST_FILE = YES;
				INFOPLIST_FILE = test1/Info.plist;
				INFOPLIST_KEY_CFBundleDisplayName = Contact;
				INFOPLIST_KEY_NSContactsUsageDescription = "需要访问通讯录，以便为联系人设置头像。";
				INFOPLIST_KEY_UIApplicationSupportsIndirectInputEvents = YES;
				INFOPLIST_KEY_UILaunchStoryboardName = LaunchScreen;
				INFOPLIST_KEY_UIMainStoryboardFile = Main;
				INFOPLIST_KEY_UISupportedInterfaceOrientations = UIInterfaceOrientationPortrait;
				INFOPLIST_KEY_UISupportedInterfaceOrientations_iPad = "UIInterfaceOrientationPortrait UIInterfaceOrientationPortraitUpsideDown UIInterfaceOrientationLandscapeLeft UIInterfaceOrientationLandscapeRight";
				INFOPLIST_KEY_UISupportedInterfaceOrientations_iPhone = "UIInterfaceOrientationPortrait UIInterfaceOrientationLandscapeLeft UIInterfaceOrientationLandscapeRight";
				LD_RUNPATH_SEARCH_PATHS = (
					"$(inherited)",
					"@executable_path/Frameworks",
				);
				MARKETING_VERSION = 1.0;
				PRODUCT_BUNDLE_IDENTIFIER = com.zhou.test.contactlist;
				PRODUCT_NAME = "$(TARGET_NAME)";
				PROVISIONING_PROFILE_SPECIFIER = "";
				SWIFT_EMIT_LOC_STRINGS = YES;
				TARGETED_DEVICE_FAMILY = 1;
			};
			name = Debug;
		};
		78417081275B04A100B85914 /* Release */ = {
			isa = XCBuildConfiguration;
			buildSettings = {
				ASSETCATALOG_COMPILER_APPICON_NAME = AppIcon;
				ASSETCATALOG_COMPILER_GLOBAL_ACCENT_COLOR_NAME = AccentColor;
				CODE_SIGN_IDENTITY = "Apple Development: dongliang zhou (F5D366UY9P)";
				CODE_SIGN_STYLE = Manual;
				CURRENT_PROJECT_VERSION = 1;
				DEVELOPMENT_TEAM = "";
				GENERATE_INFOPLIST_FILE = YES;
				INFOPLIST_FILE = test1/Info.plist;
				INFOPLIST_KEY_CFBundleDisplayName = Contact;
				INFOPLIST_KEY_NSContactsUsageDescription = "需要访问通讯录，以便为联系人设置头像。";
				INFOPLIST_KEY_UIApplicationSupportsIndirectInputEvents = YES;
				INFOPLIST_KEY_UILaunchStoryboardName = LaunchScreen;
				INFOPLIST_KEY_UIMainStoryboardFile = Main;
				INFOPLIST_KEY_UISupportedInterfaceOrientations = UIInterfaceOrientationPortrait;
				INFOPLIST_KEY_UISupportedInterfaceOrientations_iPad = "UIInterfaceOrientationPortrait UIInterfaceOrientationPortraitUpsideDown UIInterfaceOrientationLandscapeLeft UIInterfaceOrientationLandscapeRight";
				INFOPLIST_KEY_UISupportedInterfaceOrientations_iPhone = "UIInterfaceOrientationPortrait UIInterfaceOrientationLandscapeLeft UIInterfaceOrientationLandscapeRight";
				LD_RUNPATH_SEARCH_PATHS = (
					"$(inherited)",
					"@executable_path/Frameworks",
				);
				MARKETING_VERSION = 1.0;
				PRODUCT_BUNDLE_IDENTIFIER = com.zhou.test.contactlist;
				PRODUCT_NAME = "$(TARGET_NAME)";
				PROVISIONING_PROFILE_SPECIFIER = "";
				SWIFT_EMIT_LOC_STRINGS = YES;
				TARGETED_DEVICE_FAMILY = 1;
			};
			name = Release;
		};
		78417083275B04A100B85914 /* Debug */ = {
			isa = XCBuildConfiguration;
			buildSettings = {
				BUNDLE_LOADER = "$(TEST_HOST)";
				CODE_SIGN_STYLE = Automatic;
				CURRENT_PROJECT_VERSION = 1;
				GENERATE_INFOPLIST_FILE = YES;
				IPHONEOS_DEPLOYMENT_TARGET = 15.0;
				LD_RUNPATH_SEARCH_PATHS = (
					"$(inherited)",
					"@executable_path/Frameworks",
					"@loader_path/Frameworks",
				);
				MARKETING_VERSION = 1.0;
				PRODUCT_BUNDLE_IDENTIFIER = com.ty.test1Tests;
				PRODUCT_NAME = "$(TARGET_NAME)";
				SWIFT_EMIT_LOC_STRINGS = NO;
				TARGETED_DEVICE_FAMILY = "1,2";
				TEST_HOST = "$(BUILT_PRODUCTS_DIR)/ContactListDemo.app/ContactListDemo";
			};
			name = Debug;
		};
		78417084275B04A100B85914 /* Release */ = {
			isa = XCBuildConfiguration;
			buildSettings = {
				BUNDLE_LOADER = "$(TEST_HOST)";
				CODE_SIGN_STYLE = Automatic;
				CURRENT_PROJECT_VERSION = 1;
				GENERATE_INFOPLIST_FILE = YES;
				IPHONEOS_DEPLOYMENT_TARGET = 15.0;
				LD_RUNPATH_SEARCH_PATHS = (
					"$(inherited)",
					"@executable_path/Frameworks",
					"@loader_path/Frameworks",
				);
				MARKETING_VERSION = 1.0;
				PRODUCT_BUNDLE_IDENTIFIER = com.ty.test1Tests;
				PRODUCT_NAME = "$(TARGET_NAME)";
				SWIFT_EMIT_LOC_STRINGS = NO;
				TARGETED_DEVICE_FAMILY = "1,2";
				TEST_HOST = "$(BUILT_PRODUCTS_DIR)/ContactListDemo.app/ContactListDemo";
			};
			name = Release;
		};
		78417086275B04A100B85914 /* Debug */ = {
			isa = XCBuildConfiguration;
			buildSettings = {
				CODE_SIGN_STYLE = Automatic;
				CURRENT_PROJECT_VERSION = 1;
				GENERATE_INFOPLIST_FILE = YES;
				LD_RUNPATH_SEARCH_PATHS = (
					"$(inherited)",
					"@executable_path/Frameworks",
					"@loader_path/Frameworks",
				);
				MARKETING_VERSION = 1.0;
				PRODUCT_BUNDLE_IDENTIFIER = com.ty.test1UITests;
				PRODUCT_NAME = "$(TARGET_NAME)";
				SWIFT_EMIT_LOC_STRINGS = NO;
				TARGETED_DEVICE_FAMILY = "1,2";
				TEST_TARGET_NAME = test1;
			};
			name = Debug;
		};
		78417087275B04A100B85914 /* Release */ = {
			isa = XCBuildConfiguration;
			buildSettings = {
				CODE_SIGN_STYLE = Automatic;
				CURRENT_PROJECT_VERSION = 1;
				GENERATE_INFOPLIST_FILE = YES;
				LD_RUNPATH_SEARCH_PATHS = (
					"$(inherited)",
					"@executable_path/Frameworks",
					"@loader_path/Frameworks",
				);
				MARKETING_VERSION = 1.0;
				PRODUCT_BUNDLE_IDENTIFIER = com.ty.test1UITests;
				PRODUCT_NAME = "$(TARGET_NAME)";
				SWIFT_EMIT_LOC_STRINGS = NO;
				TARGETED_DEVICE_FAMILY = "1,2";
				TEST_TARGET_NAME = test1;
			};
			name = Release;
		};
/* End XCBuildConfiguration section */

/* Begin XCConfigurationList section */
		7841704B275B049D00B85914 /* Build configuration list for PBXProject "ContactListDemo" */ = {
			isa = XCConfigurationList;
			buildConfigurations = (
				7841707D275B04A100B85914 /* Debug */,
				7841707E275B04A100B85914 /* Release */,
			);
			defaultConfigurationIsVisible = 0;
			defaultConfigurationName = Release;
		};
		7841707F275B04A100B85914 /* Build configuration list for PBXNativeTarget "ContactListDemo" */ = {
			isa = XCConfigurationList;
			buildConfigurations = (
				78417080275B04A100B85914 /* Debug */,
				78417081275B04A100B85914 /* Release */,
			);
			defaultConfigurationIsVisible = 0;
			defaultConfigurationName = Release;
		};
		78417082275B04A100B85914 /* Build configuration list for PBXNativeTarget "ContactListDemoTests" */ = {
			isa = XCConfigurationList;
			buildConfigurations = (
				78417083275B04A100B85914 /* Debug */,
				78417084275B04A100B85914 /* Release */,
			);
			defaultConfigurationIsVisible = 0;
			defaultConfigurationName = Release;
		};
		78417085275B04A100B85914 /* Build configuration list for PBXNativeTarget "ContactListDemoUITests" */ = {
			isa = XCConfigurationList;
			buildConfigurations = (
				78417086275B04A100B85914 /* Debug */,
				78417087275B04A100B85914 /* Release */,
			);
			defaultConfigurationIsVisible = 0;
			defaultConfigurationName = Release;
		};
/* End XCConfigurationList section */
	};
	rootObject = 78417048275B049D00B85914 /* Project object */;
}
